// !$*UTF8*$!
{
	archiveVersion = 1;
	classes = {
	};
	objectVersion = 52;
	objects = {

/* Begin PBXBuildFile section */
		AC799EB426047E5C00B1049A /* UPInfo.swift in Sources */ = {isa = PBXBuildFile; fileRef = AC799EB326047E5C00B1049A /* UPInfo.swift */; };
		AC799EC32604ED3400B1049A /* Starscream in Frameworks */ = {isa = PBXBuildFile; productRef = AC799EC22604ED3400B1049A /* Starscream */; };
		AC799ECF2604F8D600B1049A /* ZStream.swift in Sources */ = {isa = PBXBuildFile; fileRef = AC799ECE2604F8D600B1049A /* ZStream.swift */; };
		AC799EDB26058F2800B1049A /* VolumeViewController.swift in Sources */ = {isa = PBXBuildFile; fileRef = AC799EDA26058F2800B1049A /* VolumeViewController.swift */; };
		AC8627E126025BC900A4E1D8 /* SwiftyJSON in Frameworks */ = {isa = PBXBuildFile; productRef = AC8627E026025BC900A4E1D8 /* SwiftyJSON */; };
		AC8627E82603B0A200A4E1D8 /* UPListView.swift in Sources */ = {isa = PBXBuildFile; fileRef = AC8627E72603B0A200A4E1D8 /* UPListView.swift */; };
		AC8627ED2603B9A800A4E1D8 /* UPListCell.swift in Sources */ = {isa = PBXBuildFile; fileRef = AC8627EC2603B9A800A4E1D8 /* UPListCell.swift */; };
		ACC0A0682605AD4B00F918CB /* LayoutViewController.swift in Sources */ = {isa = PBXBuildFile; fileRef = ACC0A0672605AD4B00F918CB /* LayoutViewController.swift */; };
		ACC0A06D2605EBB300F918CB /* DanmuView.swift in Sources */ = {isa = PBXBuildFile; fileRef = ACC0A06C2605EBB300F918CB /* DanmuView.swift */; };
		ACC0A0752605FB7100F918CB /* DanmuOptionsViewController.swift in Sources */ = {isa = PBXBuildFile; fileRef = ACC0A0742605FB7100F918CB /* DanmuOptionsViewController.swift */; };
		ACC0A07A2606180200F918CB /* DanmuOption.swift in Sources */ = {isa = PBXBuildFile; fileRef = ACC0A0792606180200F918CB /* DanmuOption.swift */; };
		ACC0A07F2606389900F918CB /* iconfont.ttf in Resources */ = {isa = PBXBuildFile; fileRef = ACC0A07E2606389900F918CB /* iconfont.ttf */; };
		ACC0A0842607357800F918CB /* UidImportViewController.swift in Sources */ = {isa = PBXBuildFile; fileRef = ACC0A0832607357800F918CB /* UidImportViewController.swift */; };
		ACC0A08A2607441100F918CB /* UPCellView.swift in Sources */ = {isa = PBXBuildFile; fileRef = ACC0A0892607441100F918CB /* UPCellView.swift */; };
		ACC0A0952607454D00F918CB /* UPCollectionCell.swift in Sources */ = {isa = PBXBuildFile; fileRef = ACC0A0942607454D00F918CB /* UPCollectionCell.swift */; };
		ACC0A0A126078A8100F918CB /* LICENSE in Resources */ = {isa = PBXBuildFile; fileRef = ACC0A0A026078A8100F918CB /* LICENSE */; };
		ACC0A0A626078DA700F918CB /* qrcode.png in Resources */ = {isa = PBXBuildFile; fileRef = ACC0A0A526078DA600F918CB /* qrcode.png */; };
		ACF27B512600B39A003878BD /* AppDelegate.swift in Sources */ = {isa = PBXBuildFile; fileRef = ACF27B502600B39A003878BD /* AppDelegate.swift */; };
		ACF27B552600B39A003878BD /* ViewController.swift in Sources */ = {isa = PBXBuildFile; fileRef = ACF27B542600B39A003878BD /* ViewController.swift */; };
		ACF27B5A2600B39C003878BD /* Assets.xcassets in Resources */ = {isa = PBXBuildFile; fileRef = ACF27B592600B39C003878BD /* Assets.xcassets */; };
		ACF27B5D2600B39C003878BD /* LaunchScreen.storyboard in Resources */ = {isa = PBXBuildFile; fileRef = ACF27B5B2600B39C003878BD /* LaunchScreen.storyboard */; };
		ACF27B682600B39D003878BD /* ddmonitorTests.swift in Sources */ = {isa = PBXBuildFile; fileRef = ACF27B672600B39D003878BD /* ddmonitorTests.swift */; };
		ACF27B732600B39D003878BD /* ddmonitorUITests.swift in Sources */ = {isa = PBXBuildFile; fileRef = ACF27B722600B39D003878BD /* ddmonitorUITests.swift */; };
		ACF27BA02600EC8A003878BD /* DDLayout.swift in Sources */ = {isa = PBXBuildFile; fileRef = ACF27B9F2600EC8A003878BD /* DDLayout.swift */; };
		ACF27BA52601FB2A003878BD /* DDLayoutData.swift in Sources */ = {isa = PBXBuildFile; fileRef = ACF27BA42601FB2A003878BD /* DDLayoutData.swift */; };
		ACF27BAD260243EE003878BD /* DDPlayer.swift in Sources */ = {isa = PBXBuildFile; fileRef = ACF27BAC260243EE003878BD /* DDPlayer.swift */; };
		ACF27BB326025757003878BD /* Alamofire in Frameworks */ = {isa = PBXBuildFile; productRef = ACF27BB226025757003878BD /* Alamofire */; };
		ACFCA0A3260ADAFE0010CA4C /* 1.mov in Resources */ = {isa = PBXBuildFile; fileRef = ACFCA0A2260ADAFE0010CA4C /* 1.mov */; };
		ACFF24EB2715E2D000D26422 /* OCBridge.m in Sources */ = {isa = PBXBuildFile; fileRef = ACFF24EA2715E2D000D26422 /* OCBridge.m */; };
		C31409B0E0F6961B33FC492E /* libPods-ddmonitor.a in Frameworks */ = {isa = PBXBuildFile; fileRef = B4670AD79FEEF068881E339F /* libPods-ddmonitor.a */; };
/* End PBXBuildFile section */

/* Begin PBXContainerItemProxy section */
		ACF27B642600B39C003878BD /* PBXContainerItemProxy */ = {
			isa = PBXContainerItemProxy;
			containerPortal = ACF27B452600B39A003878BD /* Project object */;
			proxyType = 1;
			remoteGlobalIDString = ACF27B4C2600B39A003878BD;
			remoteInfo = ddmonitor;
		};
		ACF27B6F2600B39D003878BD /* PBXContainerItemProxy */ = {
			isa = PBXContainerItemProxy;
			containerPortal = ACF27B452600B39A003878BD /* Project object */;
			proxyType = 1;
			remoteGlobalIDString = ACF27B4C2600B39A003878BD;
			remoteInfo = ddmonitor;
		};
/* End PBXContainerItemProxy section */

/* Begin PBXFileReference section */
		A898712F8F5A078000F11BE6 /* Pods-ddmonitor.debug.xcconfig */ = {isa = PBXFileReference; includeInIndex = 1; lastKnownFileType = text.xcconfig; name = "Pods-ddmonitor.debug.xcconfig"; path = "Target Support Files/Pods-ddmonitor/Pods-ddmonitor.debug.xcconfig"; sourceTree = "<group>"; };
		AC799EB326047E5C00B1049A /* UPInfo.swift */ = {isa = PBXFileReference; lastKnownFileType = sourcecode.swift; path = UPInfo.swift; sourceTree = "<group>"; };
		AC799ECE2604F8D600B1049A /* ZStream.swift */ = {isa = PBXFileReference; lastKnownFileType = sourcecode.swift; path = ZStream.swift; sourceTree = "<group>"; };
		AC799EDA26058F2800B1049A /* VolumeViewController.swift */ = {isa = PBXFileReference; lastKnownFileType = sourcecode.swift; path = VolumeViewController.swift; sourceTree = "<group>"; };
		AC8627E72603B0A200A4E1D8 /* UPListView.swift */ = {isa = PBXFileReference; lastKnownFileType = sourcecode.swift; path = UPListView.swift; sourceTree = "<group>"; };
		AC8627EC2603B9A800A4E1D8 /* UPListCell.swift */ = {isa = PBXFileReference; lastKnownFileType = sourcecode.swift; path = UPListCell.swift; sourceTree = "<group>"; };
		ACC0A0672605AD4B00F918CB /* LayoutViewController.swift */ = {isa = PBXFileReference; lastKnownFileType = sourcecode.swift; path = LayoutViewController.swift; sourceTree = "<group>"; };
		ACC0A06C2605EBB300F918CB /* DanmuView.swift */ = {isa = PBXFileReference; lastKnownFileType = sourcecode.swift; path = DanmuView.swift; sourceTree = "<group>"; };
		ACC0A0742605FB7100F918CB /* DanmuOptionsViewController.swift */ = {isa = PBXFileReference; lastKnownFileType = sourcecode.swift; path = DanmuOptionsViewController.swift; sourceTree = "<group>"; };
		ACC0A0792606180200F918CB /* DanmuOption.swift */ = {isa = PBXFileReference; lastKnownFileType = sourcecode.swift; path = DanmuOption.swift; sourceTree = "<group>"; };
		ACC0A07E2606389900F918CB /* iconfont.ttf */ = {isa = PBXFileReference; lastKnownFileType = file; path = iconfont.ttf; sourceTree = "<group>"; };
		ACC0A0832607357800F918CB /* UidImportViewController.swift */ = {isa = PBXFileReference; lastKnownFileType = sourcecode.swift; path = UidImportViewController.swift; sourceTree = "<group>"; };
		ACC0A0892607441100F918CB /* UPCellView.swift */ = {isa = PBXFileReference; lastKnownFileType = sourcecode.swift; path = UPCellView.swift; sourceTree = "<group>"; };
		ACC0A0942607454D00F918CB /* UPCollectionCell.swift */ = {isa = PBXFileReference; lastKnownFileType = sourcecode.swift; path = UPCollectionCell.swift; sourceTree = "<group>"; };
		ACC0A09F2607879900F918CB /* README.md */ = {isa = PBXFileReference; lastKnownFileType = net.daringfireball.markdown; path = README.md; sourceTree = "<group>"; };
		ACC0A0A026078A8100F918CB /* LICENSE */ = {isa = PBXFileReference; lastKnownFileType = text; path = LICENSE; sourceTree = "<group>"; };
		ACC0A0A526078DA600F918CB /* qrcode.png */ = {isa = PBXFileReference; lastKnownFileType = image.png; path = qrcode.png; sourceTree = "<group>"; };
		ACF27B4D2600B39A003878BD /* ddmonitor.app */ = {isa = PBXFileReference; explicitFileType = wrapper.application; includeInIndex = 0; path = ddmonitor.app; sourceTree = BUILT_PRODUCTS_DIR; };
		ACF27B502600B39A003878BD /* AppDelegate.swift */ = {isa = PBXFileReference; lastKnownFileType = sourcecode.swift; path = AppDelegate.swift; sourceTree = "<group>"; };
		ACF27B542600B39A003878BD /* ViewController.swift */ = {isa = PBXFileReference; lastKnownFileType = sourcecode.swift; path = ViewController.swift; sourceTree = "<group>"; };
		ACF27B592600B39C003878BD /* Assets.xcassets */ = {isa = PBXFileReference; lastKnownFileType = folder.assetcatalog; path = Assets.xcassets; sourceTree = "<group>"; };
		ACF27B5C2600B39C003878BD /* Base */ = {isa = PBXFileReference; lastKnownFileType = file.storyboard; name = Base; path = Base.lproj/LaunchScreen.storyboard; sourceTree = "<group>"; };
		ACF27B5E2600B39C003878BD /* Info.plist */ = {isa = PBXFileReference; lastKnownFileType = text.plist.xml; path = Info.plist; sourceTree = "<group>"; };
		ACF27B632600B39C003878BD /* ddmonitorTests.xctest */ = {isa = PBXFileReference; explicitFileType = wrapper.cfbundle; includeInIndex = 0; path = ddmonitorTests.xctest; sourceTree = BUILT_PRODUCTS_DIR; };
		ACF27B672600B39D003878BD /* ddmonitorTests.swift */ = {isa = PBXFileReference; lastKnownFileType = sourcecode.swift; path = ddmonitorTests.swift; sourceTree = "<group>"; };
		ACF27B692600B39D003878BD /* Info.plist */ = {isa = PBXFileReference; lastKnownFileType = text.plist.xml; path = Info.plist; sourceTree = "<group>"; };
		ACF27B6E2600B39D003878BD /* ddmonitorUITests.xctest */ = {isa = PBXFileReference; explicitFileType = wrapper.cfbundle; includeInIndex = 0; path = ddmonitorUITests.xctest; sourceTree = BUILT_PRODUCTS_DIR; };
		ACF27B722600B39D003878BD /* ddmonitorUITests.swift */ = {isa = PBXFileReference; lastKnownFileType = sourcecode.swift; path = ddmonitorUITests.swift; sourceTree = "<group>"; };
		ACF27B742600B39D003878BD /* Info.plist */ = {isa = PBXFileReference; lastKnownFileType = text.plist.xml; path = Info.plist; sourceTree = "<group>"; };
		ACF27B892600B869003878BD /* ddmonitor.entitlements */ = {isa = PBXFileReference; lastKnownFileType = text.plist.entitlements; path = ddmonitor.entitlements; sourceTree = "<group>"; };
		ACF27B9F2600EC8A003878BD /* DDLayout.swift */ = {isa = PBXFileReference; lastKnownFileType = sourcecode.swift; path = DDLayout.swift; sourceTree = "<group>"; };
		ACF27BA42601FB2A003878BD /* DDLayoutData.swift */ = {isa = PBXFileReference; lastKnownFileType = sourcecode.swift; path = DDLayoutData.swift; sourceTree = "<group>"; };
		ACF27BAC260243EE003878BD /* DDPlayer.swift */ = {isa = PBXFileReference; lastKnownFileType = sourcecode.swift; path = DDPlayer.swift; sourceTree = "<group>"; };
		ACFCA0A2260ADAFE0010CA4C /* 1.mov */ = {isa = PBXFileReference; lastKnownFileType = video.quicktime; path = 1.mov; sourceTree = "<group>"; };
		ACFF24E82715E2D000D26422 /* ddmonitor-Bridging-Header.h */ = {isa = PBXFileReference; lastKnownFileType = sourcecode.c.h; path = "ddmonitor-Bridging-Header.h"; sourceTree = "<group>"; };
		ACFF24E92715E2D000D26422 /* OCBridge.h */ = {isa = PBXFileReference; lastKnownFileType = sourcecode.c.h; path = OCBridge.h; sourceTree = "<group>"; };
		ACFF24EA2715E2D000D26422 /* OCBridge.m */ = {isa = PBXFileReference; lastKnownFileType = sourcecode.c.objc; path = OCBridge.m; sourceTree = "<group>"; };
		B4670AD79FEEF068881E339F /* libPods-ddmonitor.a */ = {isa = PBXFileReference; explicitFileType = archive.ar; includeInIndex = 0; path = "libPods-ddmonitor.a"; sourceTree = BUILT_PRODUCTS_DIR; };
		BB32E44F9467EEC7FB8E7462 /* Pods-ddmonitor.release.xcconfig */ = {isa = PBXFileReference; includeInIndex = 1; lastKnownFileType = text.xcconfig; name = "Pods-ddmonitor.release.xcconfig"; path = "Target Support Files/Pods-ddmonitor/Pods-ddmonitor.release.xcconfig"; sourceTree = "<group>"; };
/* End PBXFileReference section */

/* Begin PBXFrameworksBuildPhase section */
		ACF27B4A2600B39A003878BD /* Frameworks */ = {
			isa = PBXFrameworksBuildPhase;
			buildActionMask = 2147483647;
			files = (
				AC8627E126025BC900A4E1D8 /* SwiftyJSON in Frameworks */,
				ACF27BB326025757003878BD /* Alamofire in Frameworks */,
				AC799EC32604ED3400B1049A /* Starscream in Frameworks */,
				C31409B0E0F6961B33FC492E /* libPods-ddmonitor.a in Frameworks */,
			);
			runOnlyForDeploymentPostprocessing = 0;
		};
		ACF27B602600B39C003878BD /* Frameworks */ = {
			isa = PBXFrameworksBuildPhase;
			buildActionMask = 2147483647;
			files = (
			);
			runOnlyForDeploymentPostprocessing = 0;
		};
		ACF27B6B2600B39D003878BD /* Frameworks */ = {
			isa = PBXFrameworksBuildPhase;
			buildActionMask = 2147483647;
			files = (
			);
			runOnlyForDeploymentPostprocessing = 0;
		};
/* End PBXFrameworksBuildPhase section */

/* Begin PBXGroup section */
		8A8C9EB893314754969AFDB6 /* Frameworks */ = {
			isa = PBXGroup;
			children = (
				B4670AD79FEEF068881E339F /* libPods-ddmonitor.a */,
			);
			name = Frameworks;
			sourceTree = "<group>";
		};
		9F1B65A1813F135E910660F7 /* Pods */ = {
			isa = PBXGroup;
			children = (
				A898712F8F5A078000F11BE6 /* Pods-ddmonitor.debug.xcconfig */,
				BB32E44F9467EEC7FB8E7462 /* Pods-ddmonitor.release.xcconfig */,
			);
			path = Pods;
			sourceTree = "<group>";
		};
		AC799ECD2604F8BD00B1049A /* utils */ = {
			isa = PBXGroup;
			children = (
				AC799ECE2604F8D600B1049A /* ZStream.swift */,
			);
			path = utils;
			sourceTree = "<group>";
		};
		AC799ED926058F1000B1049A /* vc */ = {
			isa = PBXGroup;
			children = (
				AC799EDA26058F2800B1049A /* VolumeViewController.swift */,
				ACC0A0672605AD4B00F918CB /* LayoutViewController.swift */,
				ACC0A0742605FB7100F918CB /* DanmuOptionsViewController.swift */,
				ACC0A0832607357800F918CB /* UidImportViewController.swift */,
			);
			path = vc;
			sourceTree = "<group>";
		};
		AC8627E52603B07800A4E1D8 /* views */ = {
			isa = PBXGroup;
			children = (
				ACF27B9F2600EC8A003878BD /* DDLayout.swift */,
				ACF27BAC260243EE003878BD /* DDPlayer.swift */,
				AC8627E72603B0A200A4E1D8 /* UPListView.swift */,
				ACC0A0892607441100F918CB /* UPCellView.swift */,
				AC8627EC2603B9A800A4E1D8 /* UPListCell.swift */,
				ACC0A0942607454D00F918CB /* UPCollectionCell.swift */,
				ACC0A06C2605EBB300F918CB /* DanmuView.swift */,
			);
			path = views;
			sourceTree = "<group>";
		};
		AC8627E62603B08500A4E1D8 /* models */ = {
			isa = PBXGroup;
			children = (
				ACF27BA42601FB2A003878BD /* DDLayoutData.swift */,
				AC799EB326047E5C00B1049A /* UPInfo.swift */,
				ACC0A0792606180200F918CB /* DanmuOption.swift */,
			);
			path = models;
			sourceTree = "<group>";
		};
		ACF27B442600B39A003878BD = {
			isa = PBXGroup;
			children = (
				ACC0A0A026078A8100F918CB /* LICENSE */,
				ACC0A09F2607879900F918CB /* README.md */,
				ACC0A0A526078DA600F918CB /* qrcode.png */,
				ACF27B4F2600B39A003878BD /* ddmonitor */,
				ACF27B662600B39C003878BD /* ddmonitorTests */,
				ACF27B712600B39D003878BD /* ddmonitorUITests */,
				ACF27B4E2600B39A003878BD /* Products */,
				9F1B65A1813F135E910660F7 /* Pods */,
				8A8C9EB893314754969AFDB6 /* Frameworks */,
			);
			sourceTree = "<group>";
		};
		ACF27B4E2600B39A003878BD /* Products */ = {
			isa = PBXGroup;
			children = (
				ACF27B4D2600B39A003878BD /* ddmonitor.app */,
				ACF27B632600B39C003878BD /* ddmonitorTests.xctest */,
				ACF27B6E2600B39D003878BD /* ddmonitorUITests.xctest */,
			);
			name = Products;
			sourceTree = "<group>";
		};
		ACF27B4F2600B39A003878BD /* ddmonitor */ = {
			isa = PBXGroup;
			children = (
				AC799ED926058F1000B1049A /* vc */,
				AC8627E52603B07800A4E1D8 /* views */,
				AC8627E62603B08500A4E1D8 /* models */,
				AC799ECD2604F8BD00B1049A /* utils */,
				ACF27B892600B869003878BD /* ddmonitor.entitlements */,
				ACC0A07E2606389900F918CB /* iconfont.ttf */,
				ACF27B502600B39A003878BD /* AppDelegate.swift */,
				ACF27B542600B39A003878BD /* ViewController.swift */,
				ACF27B592600B39C003878BD /* Assets.xcassets */,
				ACF27B5B2600B39C003878BD /* LaunchScreen.storyboard */,
				ACF27B5E2600B39C003878BD /* Info.plist */,
				ACFCA0A2260ADAFE0010CA4C /* 1.mov */,
				ACFF24E92715E2D000D26422 /* OCBridge.h */,
				ACFF24EA2715E2D000D26422 /* OCBridge.m */,
				ACFF24E82715E2D000D26422 /* ddmonitor-Bridging-Header.h */,
			);
			path = ddmonitor;
			sourceTree = "<group>";
		};
		ACF27B662600B39C003878BD /* ddmonitorTests */ = {
			isa = PBXGroup;
			children = (
				ACF27B672600B39D003878BD /* ddmonitorTests.swift */,
				ACF27B692600B39D003878BD /* Info.plist */,
			);
			path = ddmonitorTests;
			sourceTree = "<group>";
		};
		ACF27B712600B39D003878BD /* ddmonitorUITests */ = {
			isa = PBXGroup;
			children = (
				ACF27B722600B39D003878BD /* ddmonitorUITests.swift */,
				ACF27B742600B39D003878BD /* Info.plist */,
			);
			path = ddmonitorUITests;
			sourceTree = "<group>";
		};
/* End PBXGroup section */

/* Begin PBXNativeTarget section */
		ACF27B4C2600B39A003878BD /* ddmonitor */ = {
			isa = PBXNativeTarget;
			buildConfigurationList = ACF27B772600B39D003878BD /* Build configuration list for PBXNativeTarget "ddmonitor" */;
			buildPhases = (
				C23F804DAB1EB962423DFFD2 /* [CP] Check Pods Manifest.lock */,
				ACF27B492600B39A003878BD /* Sources */,
				ACF27B4A2600B39A003878BD /* Frameworks */,
				ACF27B4B2600B39A003878BD /* Resources */,
			);
			buildRules = (
			);
			dependencies = (
			);
			name = ddmonitor;
			packageProductDependencies = (
				ACF27BB226025757003878BD /* Alamofire */,
				AC8627E026025BC900A4E1D8 /* SwiftyJSON */,
				AC799EC22604ED3400B1049A /* Starscream */,
			);
			productName = ddmonitor;
			productReference = ACF27B4D2600B39A003878BD /* ddmonitor.app */;
			productType = "com.apple.product-type.application";
		};
		ACF27B622600B39C003878BD /* ddmonitorTests */ = {
			isa = PBXNativeTarget;
			buildConfigurationList = ACF27B7A2600B39D003878BD /* Build configuration list for PBXNativeTarget "ddmonitorTests" */;
			buildPhases = (
				ACF27B5F2600B39C003878BD /* Sources */,
				ACF27B602600B39C003878BD /* Frameworks */,
				ACF27B612600B39C003878BD /* Resources */,
			);
			buildRules = (
			);
			dependencies = (
				ACF27B652600B39C003878BD /* PBXTargetDependency */,
			);
			name = ddmonitorTests;
			productName = ddmonitorTests;
			productReference = ACF27B632600B39C003878BD /* ddmonitorTests.xctest */;
			productType = "com.apple.product-type.bundle.unit-test";
		};
		ACF27B6D2600B39D003878BD /* ddmonitorUITests */ = {
			isa = PBXNativeTarget;
			buildConfigurationList = ACF27B7D2600B39D003878BD /* Build configuration list for PBXNativeTarget "ddmonitorUITests" */;
			buildPhases = (
				ACF27B6A2600B39D003878BD /* Sources */,
				ACF27B6B2600B39D003878BD /* Frameworks */,
				ACF27B6C2600B39D003878BD /* Resources */,
			);
			buildRules = (
			);
			dependencies = (
				ACF27B702600B39D003878BD /* PBXTargetDependency */,
			);
			name = ddmonitorUITests;
			productName = ddmonitorUITests;
			productReference = ACF27B6E2600B39D003878BD /* ddmonitorUITests.xctest */;
			productType = "com.apple.product-type.bundle.ui-testing";
		};
/* End PBXNativeTarget section */

/* Begin PBXProject section */
		ACF27B452600B39A003878BD /* Project object */ = {
			isa = PBXProject;
			attributes = {
				LastSwiftUpdateCheck = 1240;
				LastUpgradeCheck = 1240;
				TargetAttributes = {
					ACF27B4C2600B39A003878BD = {
						CreatedOnToolsVersion = 12.4;
						LastSwiftMigration = 1250;
					};
					ACF27B622600B39C003878BD = {
						CreatedOnToolsVersion = 12.4;
						TestTargetID = ACF27B4C2600B39A003878BD;
					};
					ACF27B6D2600B39D003878BD = {
						CreatedOnToolsVersion = 12.4;
						TestTargetID = ACF27B4C2600B39A003878BD;
					};
				};
			};
			buildConfigurationList = ACF27B482600B39A003878BD /* Build configuration list for PBXProject "ddmonitor" */;
			compatibilityVersion = "Xcode 9.3";
			developmentRegion = en;
			hasScannedForEncodings = 0;
			knownRegions = (
				en,
				Base,
			);
			mainGroup = ACF27B442600B39A003878BD;
			packageReferences = (
				ACF27BB126025757003878BD /* XCRemoteSwiftPackageReference "Alamofire" */,
				AC8627DF26025BC900A4E1D8 /* XCRemoteSwiftPackageReference "SwiftyJSON" */,
				AC799EC12604ED3400B1049A /* XCRemoteSwiftPackageReference "Starscream" */,
			);
			productRefGroup = ACF27B4E2600B39A003878BD /* Products */;
			projectDirPath = "";
			projectRoot = "";
			targets = (
				ACF27B4C2600B39A003878BD /* ddmonitor */,
				ACF27B622600B39C003878BD /* ddmonitorTests */,
				ACF27B6D2600B39D003878BD /* ddmonitorUITests */,
			);
		};
/* End PBXProject section */

/* Begin PBXResourcesBuildPhase section */
		ACF27B4B2600B39A003878BD /* Resources */ = {
			isa = PBXResourcesBuildPhase;
			buildActionMask = 2147483647;
			files = (
				ACFCA0A3260ADAFE0010CA4C /* 1.mov in Resources */,
				ACF27B5D2600B39C003878BD /* LaunchScreen.storyboard in Resources */,
				ACF27B5A2600B39C003878BD /* Assets.xcassets in Resources */,
				ACC0A0A626078DA700F918CB /* qrcode.png in Resources */,
				ACC0A0A126078A8100F918CB /* LICENSE in Resources */,
				ACC0A07F2606389900F918CB /* iconfont.ttf in Resources */,
			);
			runOnlyForDeploymentPostprocessing = 0;
		};
		ACF27B612600B39C003878BD /* Resources */ = {
			isa = PBXResourcesBuildPhase;
			buildActionMask = 2147483647;
			files = (
			);
			runOnlyForDeploymentPostprocessing = 0;
		};
		ACF27B6C2600B39D003878BD /* Resources */ = {
			isa = PBXResourcesBuildPhase;
			buildActionMask = 2147483647;
			files = (
			);
			runOnlyForDeploymentPostprocessing = 0;
		};
/* End PBXResourcesBuildPhase section */

/* Begin PBXShellScriptBuildPhase section */
		C23F804DAB1EB962423DFFD2 /* [CP] Check Pods Manifest.lock */ = {
			isa = PBXShellScriptBuildPhase;
			buildActionMask = 2147483647;
			files = (
			);
			inputFileListPaths = (
			);
			inputPaths = (
				"${PODS_PODFILE_DIR_PATH}/Podfile.lock",
				"${PODS_ROOT}/Manifest.lock",
			);
			name = "[CP] Check Pods Manifest.lock";
			outputFileListPaths = (
			);
			outputPaths = (
				"$(DERIVED_FILE_DIR)/Pods-ddmonitor-checkManifestLockResult.txt",
			);
			runOnlyForDeploymentPostprocessing = 0;
			shellPath = /bin/sh;
			shellScript = "diff \"${PODS_PODFILE_DIR_PATH}/Podfile.lock\" \"${PODS_ROOT}/Manifest.lock\" > /dev/null\nif [ $? != 0 ] ; then\n    # print error to STDERR\n    echo \"error: The sandbox is not in sync with the Podfile.lock. Run 'pod install' or update your CocoaPods installation.\" >&2\n    exit 1\nfi\n# This output is used by Xcode 'outputs' to avoid re-running this script phase.\necho \"SUCCESS\" > \"${SCRIPT_OUTPUT_FILE_0}\"\n";
			showEnvVarsInLog = 0;
		};
/* End PBXShellScriptBuildPhase section */

/* Begin PBXSourcesBuildPhase section */
		ACF27B492600B39A003878BD /* Sources */ = {
			isa = PBXSourcesBuildPhase;
			buildActionMask = 2147483647;
			files = (
				ACC0A0952607454D00F918CB /* UPCollectionCell.swift in Sources */,
				AC799EB426047E5C00B1049A /* UPInfo.swift in Sources */,
				ACF27B552600B39A003878BD /* ViewController.swift in Sources */,
				AC799ECF2604F8D600B1049A /* ZStream.swift in Sources */,
				AC8627ED2603B9A800A4E1D8 /* UPListCell.swift in Sources */,
				ACF27BAD260243EE003878BD /* DDPlayer.swift in Sources */,
				ACF27B512600B39A003878BD /* AppDelegate.swift in Sources */,
				ACC0A06D2605EBB300F918CB /* DanmuView.swift in Sources */,
				AC799EDB26058F2800B1049A /* VolumeViewController.swift in Sources */,
				AC8627E82603B0A200A4E1D8 /* UPListView.swift in Sources */,
				ACC0A0842607357800F918CB /* UidImportViewController.swift in Sources */,
				ACF27BA02600EC8A003878BD /* DDLayout.swift in Sources */,
				ACFF24EB2715E2D000D26422 /* OCBridge.m in Sources */,
				ACC0A08A2607441100F918CB /* UPCellView.swift in Sources */,
				ACC0A07A2606180200F918CB /* DanmuOption.swift in Sources */,
				ACC0A0752605FB7100F918CB /* DanmuOptionsViewController.swift in Sources */,
				ACF27BA52601FB2A003878BD /* DDLayoutData.swift in Sources */,
				ACC0A0682605AD4B00F918CB /* LayoutViewController.swift in Sources */,
			);
			runOnlyForDeploymentPostprocessing = 0;
		};
		ACF27B5F2600B39C003878BD /* Sources */ = {
			isa = PBXSourcesBuildPhase;
			buildActionMask = 2147483647;
			files = (
				ACF27B682600B39D003878BD /* ddmonitorTests.swift in Sources */,
			);
			runOnlyForDeploymentPostprocessing = 0;
		};
		ACF27B6A2600B39D003878BD /* Sources */ = {
			isa = PBXSourcesBuildPhase;
			buildActionMask = 2147483647;
			files = (
				ACF27B732600B39D003878BD /* ddmonitorUITests.swift in Sources */,
			);
			runOnlyForDeploymentPostprocessing = 0;
		};
/* End PBXSourcesBuildPhase section */

/* Begin PBXTargetDependency section */
		ACF27B652600B39C003878BD /* PBXTargetDependency */ = {
			isa = PBXTargetDependency;
			target = ACF27B4C2600B39A003878BD /* ddmonitor */;
			targetProxy = ACF27B642600B39C003878BD /* PBXContainerItemProxy */;
		};
		ACF27B702600B39D003878BD /* PBXTargetDependency */ = {
			isa = PBXTargetDependency;
			target = ACF27B4C2600B39A003878BD /* ddmonitor */;
			targetProxy = ACF27B6F2600B39D003878BD /* PBXContainerItemProxy */;
		};
/* End PBXTargetDependency section */

/* Begin PBXVariantGroup section */
		ACF27B5B2600B39C003878BD /* LaunchScreen.storyboard */ = {
			isa = PBXVariantGroup;
			children = (
				ACF27B5C2600B39C003878BD /* Base */,
			);
			name = LaunchScreen.storyboard;
			sourceTree = "<group>";
		};
/* End PBXVariantGroup section */

/* Begin XCBuildConfiguration section */
		ACF27B752600B39D003878BD /* Debug */ = {
			isa = XCBuildConfiguration;
			buildSettings = {
				ALWAYS_SEARCH_USER_PATHS = NO;
				CLANG_ANALYZER_NONNULL = YES;
				CLANG_ANALYZER_NUMBER_OBJECT_CONVERSION = YES_AGGRESSIVE;
				CLANG_CXX_LANGUAGE_STANDARD = "gnu++14";
				CLANG_CXX_LIBRARY = "libc++";
				CLANG_ENABLE_MODULES = YES;
				CLANG_ENABLE_OBJC_ARC = YES;
				CLANG_ENABLE_OBJC_WEAK = YES;
				CLANG_WARN_BLOCK_CAPTURE_AUTORELEASING = YES;
				CLANG_WARN_BOOL_CONVERSION = YES;
				CLANG_WARN_COMMA = YES;
				CLANG_WARN_CONSTANT_CONVERSION = YES;
				CLANG_WARN_DEPRECATED_OBJC_IMPLEMENTATIONS = YES;
				CLANG_WARN_DIRECT_OBJC_ISA_USAGE = YES_ERROR;
				CLANG_WARN_DOCUMENTATION_COMMENTS = YES;
				CLANG_WARN_EMPTY_BODY = YES;
				CLANG_WARN_ENUM_CONVERSION = YES;
				CLANG_WARN_INFINITE_RECURSION = YES;
				CLANG_WARN_INT_CONVERSION = YES;
				CLANG_WARN_NON_LITERAL_NULL_CONVERSION = YES;
				CLANG_WARN_OBJC_IMPLICIT_RETAIN_SELF = YES;
				CLANG_WARN_OBJC_LITERAL_CONVERSION = YES;
				CLANG_WARN_OBJC_ROOT_CLASS = YES_ERROR;
				CLANG_WARN_QUOTED_INCLUDE_IN_FRAMEWORK_HEADER = YES;
				CLANG_WARN_RANGE_LOOP_ANALYSIS = YES;
				CLANG_WARN_STRICT_PROTOTYPES = YES;
				CLANG_WARN_SUSPICIOUS_MOVE = YES;
				CLANG_WARN_UNGUARDED_AVAILABILITY = YES_AGGRESSIVE;
				CLANG_WARN_UNREACHABLE_CODE = YES;
				CLANG_WARN__DUPLICATE_METHOD_MATCH = YES;
				COPY_PHASE_STRIP = NO;
				DEBUG_INFORMATION_FORMAT = dwarf;
				ENABLE_STRICT_OBJC_MSGSEND = YES;
				ENABLE_TESTABILITY = YES;
				GCC_C_LANGUAGE_STANDARD = gnu11;
				GCC_DYNAMIC_NO_PIC = NO;
				GCC_NO_COMMON_BLOCKS = YES;
				GCC_OPTIMIZATION_LEVEL = 0;
				GCC_PREPROCESSOR_DEFINITIONS = (
					"DEBUG=1",
					"$(inherited)",
				);
				GCC_WARN_64_TO_32_BIT_CONVERSION = YES;
				GCC_WARN_ABOUT_RETURN_TYPE = YES_ERROR;
				GCC_WARN_UNDECLARED_SELECTOR = YES;
				GCC_WARN_UNINITIALIZED_AUTOS = YES_AGGRESSIVE;
				GCC_WARN_UNUSED_FUNCTION = YES;
				GCC_WARN_UNUSED_VARIABLE = YES;
				IPHONEOS_DEPLOYMENT_TARGET = 14.4;
				MTL_ENABLE_DEBUG_INFO = INCLUDE_SOURCE;
				MTL_FAST_MATH = YES;
				ONLY_ACTIVE_ARCH = YES;
				SDKROOT = iphoneos;
				SWIFT_ACTIVE_COMPILATION_CONDITIONS = DEBUG;
				SWIFT_OPTIMIZATION_LEVEL = "-Onone";
			};
			name = Debug;
		};
		ACF27B762600B39D003878BD /* Release */ = {
			isa = XCBuildConfiguration;
			buildSettings = {
				ALWAYS_SEARCH_USER_PATHS = NO;
				CLANG_ANALYZER_NONNULL = YES;
				CLANG_ANALYZER_NUMBER_OBJECT_CONVERSION = YES_AGGRESSIVE;
				CLANG_CXX_LANGUAGE_STANDARD = "gnu++14";
				CLANG_CXX_LIBRARY = "libc++";
				CLANG_ENABLE_MODULES = YES;
				CLANG_ENABLE_OBJC_ARC = YES;
				CLANG_ENABLE_OBJC_WEAK = YES;
				CLANG_WARN_BLOCK_CAPTURE_AUTORELEASING = YES;
				CLANG_WARN_BOOL_CONVERSION = YES;
				CLANG_WARN_COMMA = YES;
				CLANG_WARN_CONSTANT_CONVERSION = YES;
				CLANG_WARN_DEPRECATED_OBJC_IMPLEMENTATIONS = YES;
				CLANG_WARN_DIRECT_OBJC_ISA_USAGE = YES_ERROR;
				CLANG_WARN_DOCUMENTATION_COMMENTS = YES;
				CLANG_WARN_EMPTY_BODY = YES;
				CLANG_WARN_ENUM_CONVERSION = YES;
				CLANG_WARN_INFINITE_RECURSION = YES;
				CLANG_WARN_INT_CONVERSION = YES;
				CLANG_WARN_NON_LITERAL_NULL_CONVERSION = YES;
				CLANG_WARN_OBJC_IMPLICIT_RETAIN_SELF = YES;
				CLANG_WARN_OBJC_LITERAL_CONVERSION = YES;
				CLANG_WARN_OBJC_ROOT_CLASS = YES_ERROR;
				CLANG_WARN_QUOTED_INCLUDE_IN_FRAMEWORK_HEADER = YES;
				CLANG_WARN_RANGE_LOOP_ANALYSIS = YES;
				CLANG_WARN_STRICT_PROTOTYPES = YES;
				CLANG_WARN_SUSPICIOUS_MOVE = YES;
				CLANG_WARN_UNGUARDED_AVAILABILITY = YES_AGGRESSIVE;
				CLANG_WARN_UNREACHABLE_CODE = YES;
				CLANG_WARN__DUPLICATE_METHOD_MATCH = YES;
				COPY_PHASE_STRIP = NO;
				DEBUG_INFORMATION_FORMAT = "dwarf-with-dsym";
				ENABLE_NS_ASSERTIONS = NO;
				ENABLE_STRICT_OBJC_MSGSEND = YES;
				GCC_C_LANGUAGE_STANDARD = gnu11;
				GCC_NO_COMMON_BLOCKS = YES;
				GCC_WARN_64_TO_32_BIT_CONVERSION = YES;
				GCC_WARN_ABOUT_RETURN_TYPE = YES_ERROR;
				GCC_WARN_UNDECLARED_SELECTOR = YES;
				GCC_WARN_UNINITIALIZED_AUTOS = YES_AGGRESSIVE;
				GCC_WARN_UNUSED_FUNCTION = YES;
				GCC_WARN_UNUSED_VARIABLE = YES;
				IPHONEOS_DEPLOYMENT_TARGET = 14.4;
				MTL_ENABLE_DEBUG_INFO = NO;
				MTL_FAST_MATH = YES;
				SDKROOT = iphoneos;
				SWIFT_COMPILATION_MODE = wholemodule;
				SWIFT_OPTIMIZATION_LEVEL = "-O";
				VALIDATE_PRODUCT = YES;
			};
			name = Release;
		};
		ACF27B782600B39D003878BD /* Debug */ = {
			isa = XCBuildConfiguration;
			baseConfigurationReference = A898712F8F5A078000F11BE6 /* Pods-ddmonitor.debug.xcconfig */;
			buildSettings = {
				ASSETCATALOG_COMPILER_APPICON_NAME = AppIcon;
				ASSETCATALOG_COMPILER_GLOBAL_ACCENT_COLOR_NAME = AccentColor;
				CLANG_ENABLE_MODULES = YES;
				CODE_SIGN_ENTITLEMENTS = ddmonitor/ddmonitor.entitlements;
				CODE_SIGN_STYLE = Automatic;
				CURRENT_PROJECT_VERSION = 1;
				DEVELOPMENT_TEAM = 7WH3LUALN7;
				INFOPLIST_FILE = ddmonitor/Info.plist;
				IPHONEOS_DEPLOYMENT_TARGET = 14.1;
				LD_RUNPATH_SEARCH_PATHS = (
					"$(inherited)",
					"@executable_path/Frameworks",
				);
				MARKETING_VERSION = 1.2.3;
				PRODUCT_BUNDLE_IDENTIFIER = com.hyc.d2monitor;
				PRODUCT_NAME = "$(TARGET_NAME)";
				SUPPORTS_MACCATALYST = YES;
				SWIFT_OBJC_BRIDGING_HEADER = "ddmonitor/ddmonitor-Bridging-Header.h";
				SWIFT_OPTIMIZATION_LEVEL = "-Onone";
				SWIFT_VERSION = 5.0;
				TARGETED_DEVICE_FAMILY = "1,2";
			};
			name = Debug;
		};
		ACF27B792600B39D003878BD /* Release */ = {
			isa = XCBuildConfiguration;
			baseConfigurationReference = BB32E44F9467EEC7FB8E7462 /* Pods-ddmonitor.release.xcconfig */;
			buildSettings = {
				ASSETCATALOG_COMPILER_APPICON_NAME = AppIcon;
				ASSETCATALOG_COMPILER_GLOBAL_ACCENT_COLOR_NAME = AccentColor;
				CLANG_ENABLE_MODULES = YES;
				CODE_SIGN_ENTITLEMENTS = ddmonitor/ddmonitor.entitlements;
				CODE_SIGN_STYLE = Automatic;
				CURRENT_PROJECT_VERSION = 1;
				DEVELOPMENT_TEAM = 7WH3LUALN7;
				INFOPLIST_FILE = ddmonitor/Info.plist;
				IPHONEOS_DEPLOYMENT_TARGET = 14.1;
				LD_RUNPATH_SEARCH_PATHS = (
					"$(inherited)",
					"@executable_path/Frameworks",
				);
				MARKETING_VERSION = 1.2.3;
				PRODUCT_BUNDLE_IDENTIFIER = com.hyc.d2monitor;
				PRODUCT_NAME = "$(TARGET_NAME)";
				SUPPORTS_MACCATALYST = YES;
				SWIFT_OBJC_BRIDGING_HEADER = "ddmonitor/ddmonitor-Bridging-Header.h";
				SWIFT_VERSION = 5.0;
				TARGETED_DEVICE_FAMILY = "1,2";
			};
			name = Release;
		};
		ACF27B7B2600B39D003878BD /* Debug */ = {
			isa = XCBuildConfiguration;
			buildSettings = {
				ALWAYS_EMBED_SWIFT_STANDARD_LIBRARIES = YES;
				BUNDLE_LOADER = "$(TEST_HOST)";
				CODE_SIGN_STYLE = Automatic;
				DEVELOPMENT_TEAM = 7WH3LUALN7;
				INFOPLIST_FILE = ddmonitorTests/Info.plist;
				IPHONEOS_DEPLOYMENT_TARGET = 14.4;
				LD_RUNPATH_SEARCH_PATHS = (
					"$(inherited)",
					"@executable_path/Frameworks",
					"@loader_path/Frameworks",
				);
				PRODUCT_BUNDLE_IDENTIFIER = com.hyc.ddmonitorTests;
				PRODUCT_NAME = "$(TARGET_NAME)";
				SWIFT_VERSION = 5.0;
				TARGETED_DEVICE_FAMILY = "1,2";
				TEST_HOST = "$(BUILT_PRODUCTS_DIR)/ddmonitor.app/ddmonitor";
			};
			name = Debug;
		};
		ACF27B7C2600B39D003878BD /* Release */ = {
			isa = XCBuildConfiguration;
			buildSettings = {
				ALWAYS_EMBED_SWIFT_STANDARD_LIBRARIES = YES;
				BUNDLE_LOADER = "$(TEST_HOST)";
				CODE_SIGN_STYLE = Automatic;
				DEVELOPMENT_TEAM = 7WH3LUALN7;
				INFOPLIST_FILE = ddmonitorTests/Info.plist;
				IPHONEOS_DEPLOYMENT_TARGET = 14.4;
				LD_RUNPATH_SEARCH_PATHS = (
					"$(inherited)",
					"@executable_path/Frameworks",
					"@loader_path/Frameworks",
				);
				PRODUCT_BUNDLE_IDENTIFIER = com.hyc.ddmonitorTests;
				PRODUCT_NAME = "$(TARGET_NAME)";
				SWIFT_VERSION = 5.0;
				TARGETED_DEVICE_FAMILY = "1,2";
				TEST_HOST = "$(BUILT_PRODUCTS_DIR)/ddmonitor.app/ddmonitor";
			};
			name = Release;
		};
		ACF27B7E2600B39D003878BD /* Debug */ = {
			isa = XCBuildConfiguration;
			buildSettings = {
				ALWAYS_EMBED_SWIFT_STANDARD_LIBRARIES = YES;
				CODE_SIGN_STYLE = Automatic;
				DEVELOPMENT_TEAM = 7WH3LUALN7;
				INFOPLIST_FILE = ddmonitorUITests/Info.plist;
				LD_RUNPATH_SEARCH_PATHS = (
					"$(inherited)",
					"@executable_path/Frameworks",
					"@loader_path/Frameworks",
				);
				PRODUCT_BUNDLE_IDENTIFIER = com.hyc.ddmonitorUITests;
				PRODUCT_NAME = "$(TARGET_NAME)";
				SWIFT_VERSION = 5.0;
				TARGETED_DEVICE_FAMILY = "1,2";
				TEST_TARGET_NAME = ddmonitor;
			};
			name = Debug;
		};
		ACF27B7F2600B39D003878BD /* Release */ = {
			isa = XCBuildConfiguration;
			buildSettings = {
				ALWAYS_EMBED_SWIFT_STANDARD_LIBRARIES = YES;
				CODE_SIGN_STYLE = Automatic;
				DEVELOPMENT_TEAM = 7WH3LUALN7;
				INFOPLIST_FILE = ddmonitorUITests/Info.plist;
				LD_RUNPATH_SEARCH_PATHS = (
					"$(inherited)",
					"@executable_path/Frameworks",
					"@loader_path/Frameworks",
				);
				PRODUCT_BUNDLE_IDENTIFIER = com.hyc.ddmonitorUITests;
				PRODUCT_NAME = "$(TARGET_NAME)";
				SWIFT_VERSION = 5.0;
				TARGETED_DEVICE_FAMILY = "1,2";
				TEST_TARGET_NAME = ddmonitor;
			};
			name = Release;
		};
/* End XCBuildConfiguration section */

/* Begin XCConfigurationList section */
		ACF27B482600B39A003878BD /* Build configuration list for PBXProject "ddmonitor" */ = {
			isa = XCConfigurationList;
			buildConfigurations = (
				ACF27B752600B39D003878BD /* Debug */,
				ACF27B762600B39D003878BD /* Release */,
			);
			defaultConfigurationIsVisible = 0;
			defaultConfigurationName = Release;
		};
		ACF27B772600B39D003878BD /* Build configuration list for PBXNativeTarget "ddmonitor" */ = {
			isa = XCConfigurationList;
			buildConfigurations = (
				ACF27B782600B39D003878BD /* Debug */,
				ACF27B792600B39D003878BD /* Release */,
			);
			defaultConfigurationIsVisible = 0;
			defaultConfigurationName = Release;
		};
		ACF27B7A2600B39D003878BD /* Build configuration list for PBXNativeTarget "ddmonitorTests" */ = {
			isa = XCConfigurationList;
			buildConfigurations = (
				ACF27B7B2600B39D003878BD /* Debug */,
				ACF27B7C2600B39D003878BD /* Release */,
			);
			defaultConfigurationIsVisible = 0;
			defaultConfigurationName = Release;
		};
		ACF27B7D2600B39D003878BD /* Build configuration list for PBXNativeTarget "ddmonitorUITests" */ = {
			isa = XCConfigurationList;
			buildConfigurations = (
				ACF27B7E2600B39D003878BD /* Debug */,
				ACF27B7F2600B39D003878BD /* Release */,
			);
			defaultConfigurationIsVisible = 0;
			defaultConfigurationName = Release;
		};
/* End XCConfigurationList section */

/* Begin XCRemoteSwiftPackageReference section */
		AC799EC12604ED3400B1049A /* XCRemoteSwiftPackageReference "Starscream" */ = {
			isa = XCRemoteSwiftPackageReference;
			repositoryURL = "https://hub.fastgit.org/daltoniam/Starscream";
			requirement = {
				kind = upToNextMajorVersion;
				minimumVersion = 4.0.4;
			};
		};
		AC8627DF26025BC900A4E1D8 /* XCRemoteSwiftPackageReference "SwiftyJSON" */ = {
			isa = XCRemoteSwiftPackageReference;
			repositoryURL = "https://hub.fastgit.org/SwiftyJSON/SwiftyJSON";
			requirement = {
				kind = upToNextMajorVersion;
				minimumVersion = 5.0.0;
			};
		};
		ACF27BB126025757003878BD /* XCRemoteSwiftPackageReference "Alamofire" */ = {
			isa = XCRemoteSwiftPackageReference;
			repositoryURL = "https://hub.fastgit.org/Alamofire/Alamofire";
			requirement = {
				kind = upToNextMajorVersion;
				minimumVersion = 5.4.1;
			};
		};
/* End XCRemoteSwiftPackageReference section */

/* Begin XCSwiftPackageProductDependency section */
		AC799EC22604ED3400B1049A /* Starscream */ = {
			isa = XCSwiftPackageProductDependency;
			package = AC799EC12604ED3400B1049A /* XCRemoteSwiftPackageReference "Starscream" */;
			productName = Starscream;
		};
		AC8627E026025BC900A4E1D8 /* SwiftyJSON */ = {
			isa = XCSwiftPackageProductDependency;
			package = AC8627DF26025BC900A4E1D8 /* XCRemoteSwiftPackageReference "SwiftyJSON" */;
			productName = SwiftyJSON;
		};
		ACF27BB226025757003878BD /* Alamofire */ = {
			isa = XCSwiftPackageProductDependency;
			package = ACF27BB126025757003878BD /* XCRemoteSwiftPackageReference "Alamofire" */;
			productName = Alamofire;
		};
/* End XCSwiftPackageProductDependency section */
	};
	rootObject = ACF27B452600B39A003878BD /* Project object */;
}
