// !$*UTF8*$!
{
	archiveVersion = 1;
	classes = {
	};
	objectVersion = 50;
	objects = {

/* Begin PBXBuildFile section */
		ACF27B512600B39A003878BD /* AppDelegate.swift in Sources */ = {isa = PBXBuildFile; fileRef = ACF27B502600B39A003878BD /* AppDelegate.swift */; };
		ACF27B532600B39A003878BD /* SceneDelegate.swift in Sources */ = {isa = PBXBuildFile; fileRef = ACF27B522600B39A003878BD /* SceneDelegate.swift */; };
		ACF27B552600B39A003878BD /* ViewController.swift in Sources */ = {isa = PBXBuildFile; fileRef = ACF27B542600B39A003878BD /* ViewController.swift */; };
		ACF27B582600B39A003878BD /* Main.storyboard in Resources */ = {isa = PBXBuildFile; fileRef = ACF27B562600B39A003878BD /* Main.storyboard */; };
		ACF27B5A2600B39C003878BD /* Assets.xcassets in Resources */ = {isa = PBXBuildFile; fileRef = ACF27B592600B39C003878BD /* Assets.xcassets */; };
		ACF27B5D2600B39C003878BD /* LaunchScreen.storyboard in Resources */ = {isa = PBXBuildFile; fileRef = ACF27B5B2600B39C003878BD /* LaunchScreen.storyboard */; };
		ACF27B682600B39D003878BD /* ddmonitorTests.swift in Sources */ = {isa = PBXBuildFile; fileRef = ACF27B672600B39D003878BD /* ddmonitorTests.swift */; };
		ACF27B732600B39D003878BD /* ddmonitorUITests.swift in Sources */ = {isa = PBXBuildFile; fileRef = ACF27B722600B39D003878BD /* ddmonitorUITests.swift */; };
/* End PBXBuildFile section */

/* Begin PBXContainerItemProxy section */
		ACF27B642600B39C003878BD /* PBXContainerItemProxy */ = {
			isa = PBXContainerItemProxy;
			containerPortal = ACF27B452600B39A003878BD /* Project object */;
			proxyType = 1;
			remoteGlobalIDString = ACF27B4C2600B39A003878BD;
			remoteInfo = ddmonitor;
		};
		ACF27B6F2600B39D003878BD /* PBXContainerItemProxy */ = {
			isa = PBXContainerItemProxy;
			containerPortal = ACF27B452600B39A003878BD /* Project object */;
			proxyType = 1;
			remoteGlobalIDString = ACF27B4C2600B39A003878BD;
			remoteInfo = ddmonitor;
		};
/* End PBXContainerItemProxy section */

/* Begin PBXFileReference section */
		ACF27B4D2600B39A003878BD /* ddmonitor.app */ = {isa = PBXFileReference; explicitFileType = wrapper.application; includeInIndex = 0; path = ddmonitor.app; sourceTree = BUILT_PRODUCTS_DIR; };
		ACF27B502600B39A003878BD /* AppDelegate.swift */ = {isa = PBXFileReference; lastKnownFileType = sourcecode.swift; path = AppDelegate.swift; sourceTree = "<group>"; };
		ACF27B522600B39A003878BD /* SceneDelegate.swift */ = {isa = PBXFileReference; lastKnownFileType = sourcecode.swift; path = SceneDelegate.swift; sourceTree = "<group>"; };
		ACF27B542600B39A003878BD /* ViewController.swift */ = {isa = PBXFileReference; lastKnownFileType = sourcecode.swift; path = ViewController.swift; sourceTree = "<group>"; };
		ACF27B572600B39A003878BD /* Base */ = {isa = PBXFileReference; lastKnownFileType = file.storyboard; name = Base; path = Base.lproj/Main.storyboard; sourceTree = "<group>"; };
		ACF27B592600B39C003878BD /* Assets.xcassets */ = {isa = PBXFileReference; lastKnownFileType = folder.assetcatalog; path = Assets.xcassets; sourceTree = "<group>"; };
		ACF27B5C2600B39C003878BD /* Base */ = {isa = PBXFileReference; lastKnownFileType = file.storyboard; name = Base; path = Base.lproj/LaunchScreen.storyboard; sourceTree = "<group>"; };
		ACF27B5E2600B39C003878BD /* Info.plist */ = {isa = PBXFileReference; lastKnownFileType = text.plist.xml; path = Info.plist; sourceTree = "<group>"; };
		ACF27B632600B39C003878BD /* ddmonitorTests.xctest */ = {isa = PBXFileReference; explicitFileType = wrapper.cfbundle; includeInIndex = 0; path = ddmonitorTests.xctest; sourceTree = BUILT_PRODUCTS_DIR; };
		ACF27B672600B39D003878BD /* ddmonitorTests.swift */ = {isa = PBXFileReference; lastKnownFileType = sourcecode.swift; path = ddmonitorTests.swift; sourceTree = "<group>"; };
		ACF27B692600B39D003878BD /* Info.plist */ = {isa = PBXFileReference; lastKnownFileType = text.plist.xml; path = Info.plist; sourceTree = "<group>"; };
		ACF27B6E2600B39D003878BD /* ddmonitorUITests.xctest */ = {isa = PBXFileReference; explicitFileType = wrapper.cfbundle; includeInIndex = 0; path = ddmonitorUITests.xctest; sourceTree = BUILT_PRODUCTS_DIR; };
		ACF27B722600B39D003878BD /* ddmonitorUITests.swift */ = {isa = PBXFileReference; lastKnownFileType = sourcecode.swift; path = ddmonitorUITests.swift; sourceTree = "<group>"; };
		ACF27B742600B39D003878BD /* Info.plist */ = {isa = PBXFileReference; lastKnownFileType = text.plist.xml; path = Info.plist; sourceTree = "<group>"; };
/* End PBXFileReference section */

/* Begin PBXFrameworksBuildPhase section */
		ACF27B4A2600B39A003878BD /* Frameworks */ = {
			isa = PBXFrameworksBuildPhase;
			buildActionMask = 2147483647;
			files = (
			);
			runOnlyForDeploymentPostprocessing = 0;
		};
		ACF27B602600B39C003878BD /* Frameworks */ = {
			isa = PBXFrameworksBuildPhase;
			buildActionMask = 2147483647;
			files = (
			);
			runOnlyForDeploymentPostprocessing = 0;
		};
		ACF27B6B2600B39D003878BD /* Frameworks */ = {
			isa = PBXFrameworksBuildPhase;
			buildActionMask = 2147483647;
			files = (
			);
			runOnlyForDeploymentPostprocessing = 0;
		};
/* End PBXFrameworksBuildPhase section */

/* Begin PBXGroup section */
		ACF27B442600B39A003878BD = {
			isa = PBXGroup;
			children = (
				ACF27B4F2600B39A003878BD /* ddmonitor */,
				ACF27B662600B39C003878BD /* ddmonitorTests */,
				ACF27B712600B39D003878BD /* ddmonitorUITests */,
				ACF27B4E2600B39A003878BD /* Products */,
			);
			sourceTree = "<group>";
		};
		ACF27B4E2600B39A003878BD /* Products */ = {
			isa = PBXGroup;
			children = (
				ACF27B4D2600B39A003878BD /* ddmonitor.app */,
				ACF27B632600B39C003878BD /* ddmonitorTests.xctest */,
				ACF27B6E2600B39D003878BD /* ddmonitorUITests.xctest */,
			);
			name = Products;
			sourceTree = "<group>";
		};
		ACF27B4F2600B39A003878BD /* ddmonitor */ = {
			isa = PBXGroup;
			children = (
				ACF27B502600B39A003878BD /* AppDelegate.swift */,
				ACF27B522600B39A003878BD /* SceneDelegate.swift */,
				ACF27B542600B39A003878BD /* ViewController.swift */,
				ACF27B562600B39A003878BD /* Main.storyboard */,
				ACF27B592600B39C003878BD /* Assets.xcassets */,
				ACF27B5B2600B39C003878BD /* LaunchScreen.storyboard */,
				ACF27B5E2600B39C003878BD /* Info.plist */,
			);
			path = ddmonitor;
			sourceTree = "<group>";
		};
		ACF27B662600B39C003878BD /* ddmonitorTests */ = {
			isa = PBXGroup;
			children = (
				ACF27B672600B39D003878BD /* ddmonitorTests.swift */,
				ACF27B692600B39D003878BD /* Info.plist */,
			);
			path = ddmonitorTests;
			sourceTree = "<group>";
		};
		ACF27B712600B39D003878BD /* ddmonitorUITests */ = {
			isa = PBXGroup;
			children = (
				ACF27B722600B39D003878BD /* ddmonitorUITests.swift */,
				ACF27B742600B39D003878BD /* Info.plist */,
			);
			path = ddmonitorUITests;
			sourceTree = "<group>";
		};
/* End PBXGroup section */

/* Begin PBXNativeTarget section */
		ACF27B4C2600B39A003878BD /* ddmonitor */ = {
			isa = PBXNativeTarget;
			buildConfigurationList = ACF27B772600B39D003878BD /* Build configuration list for PBXNativeTarget "ddmonitor" */;
			buildPhases = (
				ACF27B492600B39A003878BD /* Sources */,
				ACF27B4A2600B39A003878BD /* Frameworks */,
				ACF27B4B2600B39A003878BD /* Resources */,
			);
			buildRules = (
			);
			dependencies = (
			);
			name = ddmonitor;
			productName = ddmonitor;
			productReference = ACF27B4D2600B39A003878BD /* ddmonitor.app */;
			productType = "com.apple.product-type.application";
		};
		ACF27B622600B39C003878BD /* ddmonitorTests */ = {
			isa = PBXNativeTarget;
			buildConfigurationList = ACF27B7A2600B39D003878BD /* Build configuration list for PBXNativeTarget "ddmonitorTests" */;
			buildPhases = (
				ACF27B5F2600B39C003878BD /* Sources */,
				ACF27B602600B39C003878BD /* Frameworks */,
				ACF27B612600B39C003878BD /* Resources */,
			);
			buildRules = (
			);
			dependencies = (
				ACF27B652600B39C003878BD /* PBXTargetDependency */,
			);
			name = ddmonitorTests;
			productName = ddmonitorTests;
			productReference = ACF27B632600B39C003878BD /* ddmonitorTests.xctest */;
			productType = "com.apple.product-type.bundle.unit-test";
		};
		ACF27B6D2600B39D003878BD /* ddmonitorUITests */ = {
			isa = PBXNativeTarget;
			buildConfigurationList = ACF27B7D2600B39D003878BD /* Build configuration list for PBXNativeTarget "ddmonitorUITests" */;
			buildPhases = (
				ACF27B6A2600B39D003878BD /* Sources */,
				ACF27B6B2600B39D003878BD /* Frameworks */,
				ACF27B6C2600B39D003878BD /* Resources */,
			);
			buildRules = (
			);
			dependencies = (
				ACF27B702600B39D003878BD /* PBXTargetDependency */,
			);
			name = ddmonitorUITests;
			productName = ddmonitorUITests;
			productReference = ACF27B6E2600B39D003878BD /* ddmonitorUITests.xctest */;
			productType = "com.apple.product-type.bundle.ui-testing";
		};
/* End PBXNativeTarget section */

/* Begin PBXProject section */
		ACF27B452600B39A003878BD /* Project object */ = {
			isa = PBXProject;
			attributes = {
				LastSwiftUpdateCheck = 1240;
				LastUpgradeCheck = 1240;
				TargetAttributes = {
					ACF27B4C2600B39A003878BD = {
						CreatedOnToolsVersion = 12.4;
					};
					ACF27B622600B39C003878BD = {
						CreatedOnToolsVersion = 12.4;
						TestTargetID = ACF27B4C2600B39A003878BD;
					};
					ACF27B6D2600B39D003878BD = {
						CreatedOnToolsVersion = 12.4;
						TestTargetID = ACF27B4C2600B39A003878BD;
					};
				};
			};
			buildConfigurationList = ACF27B482600B39A003878BD /* Build configuration list for PBXProject "ddmonitor" */;
			compatibilityVersion = "Xcode 9.3";
			developmentRegion = en;
			hasScannedForEncodings = 0;
			knownRegions = (
				en,
				Base,
			);
			mainGroup = ACF27B442600B39A003878BD;
			productRefGroup = ACF27B4E2600B39A003878BD /* Products */;
			projectDirPath = "";
			projectRoot = "";
			targets = (
				ACF27B4C2600B39A003878BD /* ddmonitor */,
				ACF27B622600B39C003878BD /* ddmonitorTests */,
				ACF27B6D2600B39D003878BD /* ddmonitorUITests */,
			);
		};
/* End PBXProject section */

/* Begin PBXResourcesBuildPhase section */
		ACF27B4B2600B39A003878BD /* Resources */ = {
			isa = PBXResourcesBuildPhase;
			buildActionMask = 2147483647;
			files = (
				ACF27B5D2600B39C003878BD /* LaunchScreen.storyboard in Resources */,
				ACF27B5A2600B39C003878BD /* Assets.xcassets in Resources */,
				ACF27B582600B39A003878BD /* Main.storyboard in Resources */,
			);
			runOnlyForDeploymentPostprocessing = 0;
		};
		ACF27B612600B39C003878BD /* Resources */ = {
			isa = PBXResourcesBuildPhase;
			buildActionMask = 2147483647;
			files = (
			);
			runOnlyForDeploymentPostprocessing = 0;
		};
		ACF27B6C2600B39D003878BD /* Resources */ = {
			isa = PBXResourcesBuildPhase;
			buildActionMask = 2147483647;
			files = (
			);
			runOnlyForDeploymentPostprocessing = 0;
		};
/* End PBXResourcesBuildPhase section */

/* Begin PBXSourcesBuildPhase section */
		ACF27B492600B39A003878BD /* Sources */ = {
			isa = PBXSourcesBuildPhase;
			buildActionMask = 2147483647;
			files = (
				ACF27B552600B39A003878BD /* ViewController.swift in Sources */,
				ACF27B512600B39A003878BD /* AppDelegate.swift in Sources */,
				ACF27B532600B39A003878BD /* SceneDelegate.swift in Sources */,
			);
			runOnlyForDeploymentPostprocessing = 0;
		};
		ACF27B5F2600B39C003878BD /* Sources */ = {
			isa = PBXSourcesBuildPhase;
			buildActionMask = 2147483647;
			files = (
				ACF27B682600B39D003878BD /* ddmonitorTests.swift in Sources */,
			);
			runOnlyForDeploymentPostprocessing = 0;
		};
		ACF27B6A2600B39D003878BD /* Sources */ = {
			isa = PBXSourcesBuildPhase;
			buildActionMask = 2147483647;
			files = (
				ACF27B732600B39D003878BD /* ddmonitorUITests.swift in Sources */,
			);
			runOnlyForDeploymentPostprocessing = 0;
		};
/* End PBXSourcesBuildPhase section */

/* Begin PBXTargetDependency section */
		ACF27B652600B39C003878BD /* PBXTargetDependency */ = {
			isa = PBXTargetDependency;
			target = ACF27B4C2600B39A003878BD /* ddmonitor */;
			targetProxy = ACF27B642600B39C003878BD /* PBXContainerItemProxy */;
		};
		ACF27B702600B39D003878BD /* PBXTargetDependency */ = {
			isa = PBXTargetDependency;
			target = ACF27B4C2600B39A003878BD /* ddmonitor */;
			targetProxy = ACF27B6F2600B39D003878BD /* PBXContainerItemProxy */;
		};
/* End PBXTargetDependency section */

/* Begin PBXVariantGroup section */
		ACF27B562600B39A003878BD /* Main.storyboard */ = {
			isa = PBXVariantGroup;
			children = (
				ACF27B572600B39A003878BD /* Base */,
			);
			name = Main.storyboard;
			sourceTree = "<group>";
		};
		ACF27B5B2600B39C003878BD /* LaunchScreen.storyboard */ = {
			isa = PBXVariantGroup;
			children = (
				ACF27B5C2600B39C003878BD /* Base */,
			);
			name = LaunchScreen.storyboard;
			sourceTree = "<group>";
		};
/* End PBXVariantGroup section */

/* Begin XCBuildConfiguration section */
		ACF27B752600B39D003878BD /* Debug */ = {
			isa = XCBuildConfiguration;
			buildSettings = {
				ALWAYS_SEARCH_USER_PATHS = NO;
				CLANG_ANALYZER_NONNULL = YES;
				CLANG_ANALYZER_NUMBER_OBJECT_CONVERSION = YES_AGGRESSIVE;
				CLANG_CXX_LANGUAGE_STANDARD = "gnu++14";
				CLANG_CXX_LIBRARY = "libc++";
				CLANG_ENABLE_MODULES = YES;
				CLANG_ENABLE_OBJC_ARC = YES;
				CLANG_ENABLE_OBJC_WEAK = YES;
				CLANG_WARN_BLOCK_CAPTURE_AUTORELEASING = YES;
				CLANG_WARN_BOOL_CONVERSION = YES;
				CLANG_WARN_COMMA = YES;
				CLANG_WARN_CONSTANT_CONVERSION = YES;
				CLANG_WARN_DEPRECATED_OBJC_IMPLEMENTATIONS = YES;
				CLANG_WARN_DIRECT_OBJC_ISA_USAGE = YES_ERROR;
				CLANG_WARN_DOCUMENTATION_COMMENTS = YES;
				CLANG_WARN_EMPTY_BODY = YES;
				CLANG_WARN_ENUM_CONVERSION = YES;
				CLANG_WARN_INFINITE_RECURSION = YES;
				CLANG_WARN_INT_CONVERSION = YES;
				CLANG_WARN_NON_LITERAL_NULL_CONVERSION = YES;
				CLANG_WARN_OBJC_IMPLICIT_RETAIN_SELF = YES;
				CLANG_WARN_OBJC_LITERAL_CONVERSION = YES;
				CLANG_WARN_OBJC_ROOT_CLASS = YES_ERROR;
				CLANG_WARN_QUOTED_INCLUDE_IN_FRAMEWORK_HEADER = YES;
				CLANG_WARN_RANGE_LOOP_ANALYSIS = YES;
				CLANG_WARN_STRICT_PROTOTYPES = YES;
				CLANG_WARN_SUSPICIOUS_MOVE = YES;
				CLANG_WARN_UNGUARDED_AVAILABILITY = YES_AGGRESSIVE;
				CLANG_WARN_UNREACHABLE_CODE = YES;
				CLANG_WARN__DUPLICATE_METHOD_MATCH = YES;
				COPY_PHASE_STRIP = NO;
				DEBUG_INFORMATION_FORMAT = dwarf;
				ENABLE_STRICT_OBJC_MSGSEND = YES;
				ENABLE_TESTABILITY = YES;
				GCC_C_LANGUAGE_STANDARD = gnu11;
				GCC_DYNAMIC_NO_PIC = NO;
				GCC_NO_COMMON_BLOCKS = YES;
				GCC_OPTIMIZATION_LEVEL = 0;
				GCC_PREPROCESSOR_DEFINITIONS = (
					"DEBUG=1",
					"$(inherited)",
				);
				GCC_WARN_64_TO_32_BIT_CONVERSION = YES;
				GCC_WARN_ABOUT_RETURN_TYPE = YES_ERROR;
				GCC_WARN_UNDECLARED_SELECTOR = YES;
				GCC_WARN_UNINITIALIZED_AUTOS = YES_AGGRESSIVE;
				GCC_WARN_UNUSED_FUNCTION = YES;
				GCC_WARN_UNUSED_VARIABLE = YES;
				IPHONEOS_DEPLOYMENT_TARGET = 14.4;
				MTL_ENABLE_DEBUG_INFO = INCLUDE_SOURCE;
				MTL_FAST_MATH = YES;
				ONLY_ACTIVE_ARCH = YES;
				SDKROOT = iphoneos;
				SWIFT_ACTIVE_COMPILATION_CONDITIONS = DEBUG;
				SWIFT_OPTIMIZATION_LEVEL = "-Onone";
			};
			name = Debug;
		};
		ACF27B762600B39D003878BD /* Release */ = {
			isa = XCBuildConfiguration;
			buildSettings = {
				ALWAYS_SEARCH_USER_PATHS = NO;
				CLANG_ANALYZER_NONNULL = YES;
				CLANG_ANALYZER_NUMBER_OBJECT_CONVERSION = YES_AGGRESSIVE;
				CLANG_CXX_LANGUAGE_STANDARD = "gnu++14";
				CLANG_CXX_LIBRARY = "libc++";
				CLANG_ENABLE_MODULES = YES;
				CLANG_ENABLE_OBJC_ARC = YES;
				CLANG_ENABLE_OBJC_WEAK = YES;
				CLANG_WARN_BLOCK_CAPTURE_AUTORELEASING = YES;
				CLANG_WARN_BOOL_CONVERSION = YES;
				CLANG_WARN_COMMA = YES;
				CLANG_WARN_CONSTANT_CONVERSION = YES;
				CLANG_WARN_DEPRECATED_OBJC_IMPLEMENTATIONS = YES;
				CLANG_WARN_DIRECT_OBJC_ISA_USAGE = YES_ERROR;
				CLANG_WARN_DOCUMENTATION_COMMENTS = YES;
				CLANG_WARN_EMPTY_BODY = YES;
				CLANG_WARN_ENUM_CONVERSION = YES;
				CLANG_WARN_INFINITE_RECURSION = YES;
				CLANG_WARN_INT_CONVERSION = YES;
				CLANG_WARN_NON_LITERAL_NULL_CONVERSION = YES;
				CLANG_WARN_OBJC_IMPLICIT_RETAIN_SELF = YES;
				CLANG_WARN_OBJC_LITERAL_CONVERSION = YES;
				CLANG_WARN_OBJC_ROOT_CLASS = YES_ERROR;
				CLANG_WARN_QUOTED_INCLUDE_IN_FRAMEWORK_HEADER = YES;
				CLANG_WARN_RANGE_LOOP_ANALYSIS = YES;
				CLANG_WARN_STRICT_PROTOTYPES = YES;
				CLANG_WARN_SUSPICIOUS_MOVE = YES;
				CLANG_WARN_UNGUARDED_AVAILABILITY = YES_AGGRESSIVE;
				CLANG_WARN_UNREACHABLE_CODE = YES;
				CLANG_WARN__DUPLICATE_METHOD_MATCH = YES;
				COPY_PHASE_STRIP = NO;
				DEBUG_INFORMATION_FORMAT = "dwarf-with-dsym";
				ENABLE_NS_ASSERTIONS = NO;
				ENABLE_STRICT_OBJC_MSGSEND = YES;
				GCC_C_LANGUAGE_STANDARD = gnu11;
				GCC_NO_COMMON_BLOCKS = YES;
				GCC_WARN_64_TO_32_BIT_CONVERSION = YES;
				GCC_WARN_ABOUT_RETURN_TYPE = YES_ERROR;
				GCC_WARN_UNDECLARED_SELECTOR = YES;
				GCC_WARN_UNINITIALIZED_AUTOS = YES_AGGRESSIVE;
				GCC_WARN_UNUSED_FUNCTION = YES;
				GCC_WARN_UNUSED_VARIABLE = YES;
				IPHONEOS_DEPLOYMENT_TARGET = 14.4;
				MTL_ENABLE_DEBUG_INFO = NO;
				MTL_FAST_MATH = YES;
				SDKROOT = iphoneos;
				SWIFT_COMPILATION_MODE = wholemodule;
				SWIFT_OPTIMIZATION_LEVEL = "-O";
				VALIDATE_PRODUCT = YES;
			};
			name = Release;
		};
		ACF27B782600B39D003878BD /* Debug */ = {
			isa = XCBuildConfiguration;
			buildSettings = {
				ASSETCATALOG_COMPILER_APPICON_NAME = AppIcon;
				ASSETCATALOG_COMPILER_GLOBAL_ACCENT_COLOR_NAME = AccentColor;
				CODE_SIGN_STYLE = Automatic;
				DEVELOPMENT_TEAM = 7WH3LUALN7;
				INFOPLIST_FILE = ddmonitor/Info.plist;
				LD_RUNPATH_SEARCH_PATHS = (
					"$(inherited)",
					"@executable_path/Frameworks",
				);
				PRODUCT_BUNDLE_IDENTIFIER = com.hyc.ddmonitor;
				PRODUCT_NAME = "$(TARGET_NAME)";
				SWIFT_VERSION = 5.0;
				TARGETED_DEVICE_FAMILY = "1,2";
			};
			name = Debug;
		};
		ACF27B792600B39D003878BD /* Release */ = {
			isa = XCBuildConfiguration;
			buildSettings = {
				ASSETCATALOG_COMPILER_APPICON_NAME = AppIcon;
				ASSETCATALOG_COMPILER_GLOBAL_ACCENT_COLOR_NAME = AccentColor;
				CODE_SIGN_STYLE = Automatic;
				DEVELOPMENT_TEAM = 7WH3LUALN7;
				INFOPLIST_FILE = ddmonitor/Info.plist;
				LD_RUNPATH_SEARCH_PATHS = (
					"$(inherited)",
					"@executable_path/Frameworks",
				);
				PRODUCT_BUNDLE_IDENTIFIER = com.hyc.ddmonitor;
				PRODUCT_NAME = "$(TARGET_NAME)";
				SWIFT_VERSION = 5.0;
				TARGETED_DEVICE_FAMILY = "1,2";
			};
			name = Release;
		};
		ACF27B7B2600B39D003878BD /* Debug */ = {
			isa = XCBuildConfiguration;
			buildSettings = {
				ALWAYS_EMBED_SWIFT_STANDARD_LIBRARIES = YES;
				BUNDLE_LOADER = "$(TEST_HOST)";
				CODE_SIGN_STYLE = Automatic;
				DEVELOPMENT_TEAM = 7WH3LUALN7;
				INFOPLIST_FILE = ddmonitorTests/Info.plist;
				IPHONEOS_DEPLOYMENT_TARGET = 14.4;
				LD_RUNPATH_SEARCH_PATHS = (
					"$(inherited)",
					"@executable_path/Frameworks",
					"@loader_path/Frameworks",
				);
				PRODUCT_BUNDLE_IDENTIFIER = com.hyc.ddmonitorTests;
				PRODUCT_NAME = "$(TARGET_NAME)";
				SWIFT_VERSION = 5.0;
				TARGETED_DEVICE_FAMILY = "1,2";
				TEST_HOST = "$(BUILT_PRODUCTS_DIR)/ddmonitor.app/ddmonitor";
			};
			name = Debug;
		};
		ACF27B7C2600B39D003878BD /* Release */ = {
			isa = XCBuildConfiguration;
			buildSettings = {
				ALWAYS_EMBED_SWIFT_STANDARD_LIBRARIES = YES;
				BUNDLE_LOADER = "$(TEST_HOST)";
				CODE_SIGN_STYLE = Automatic;
				DEVELOPMENT_TEAM = 7WH3LUALN7;
				INFOPLIST_FILE = ddmonitorTests/Info.plist;
				IPHONEOS_DEPLOYMENT_TARGET = 14.4;
				LD_RUNPATH_SEARCH_PATHS = (
					"$(inherited)",
					"@executable_path/Frameworks",
					"@loader_path/Frameworks",
				);
				PRODUCT_BUNDLE_IDENTIFIER = com.hyc.ddmonitorTests;
				PRODUCT_NAME = "$(TARGET_NAME)";
				SWIFT_VERSION = 5.0;
				TARGETED_DEVICE_FAMILY = "1,2";
				TEST_HOST = "$(BUILT_PRODUCTS_DIR)/ddmonitor.app/ddmonitor";
			};
			name = Release;
		};
		ACF27B7E2600B39D003878BD /* Debug */ = {
			isa = XCBuildConfiguration;
			buildSettings = {
				ALWAYS_EMBED_SWIFT_STANDARD_LIBRARIES = YES;
				CODE_SIGN_STYLE = Automatic;
				DEVELOPMENT_TEAM = 7WH3LUALN7;
				INFOPLIST_FILE = ddmonitorUITests/Info.plist;
				LD_RUNPATH_SEARCH_PATHS = (
					"$(inherited)",
					"@executable_path/Frameworks",
					"@loader_path/Frameworks",
				);
				PRODUCT_BUNDLE_IDENTIFIER = com.hyc.ddmonitorUITests;
				PRODUCT_NAME = "$(TARGET_NAME)";
				SWIFT_VERSION = 5.0;
				TARGETED_DEVICE_FAMILY = "1,2";
				TEST_TARGET_NAME = ddmonitor;
			};
			name = Debug;
		};
		ACF27B7F2600B39D003878BD /* Release */ = {
			isa = XCBuildConfiguration;
			buildSettings = {
				ALWAYS_EMBED_SWIFT_STANDARD_LIBRARIES = YES;
				CODE_SIGN_STYLE = Automatic;
				DEVELOPMENT_TEAM = 7WH3LUALN7;
				INFOPLIST_FILE = ddmonitorUITests/Info.plist;
				LD_RUNPATH_SEARCH_PATHS = (
					"$(inherited)",
					"@executable_path/Frameworks",
					"@loader_path/Frameworks",
				);
				PRODUCT_BUNDLE_IDENTIFIER = com.hyc.ddmonitorUITests;
				PRODUCT_NAME = "$(TARGET_NAME)";
				SWIFT_VERSION = 5.0;
				TARGETED_DEVICE_FAMILY = "1,2";
				TEST_TARGET_NAME = ddmonitor;
			};
			name = Release;
		};
/* End XCBuildConfiguration section */

/* Begin XCConfigurationList section */
		ACF27B482600B39A003878BD /* Build configuration list for PBXProject "ddmonitor" */ = {
			isa = XCConfigurationList;
			buildConfigurations = (
				ACF27B752600B39D003878BD /* Debug */,
				ACF27B762600B39D003878BD /* Release */,
			);
			defaultConfigurationIsVisible = 0;
			defaultConfigurationName = Release;
		};
		ACF27B772600B39D003878BD /* Build configuration list for PBXNativeTarget "ddmonitor" */ = {
			isa = XCConfigurationList;
			buildConfigurations = (
				ACF27B782600B39D003878BD /* Debug */,
				ACF27B792600B39D003878BD /* Release */,
			);
			defaultConfigurationIsVisible = 0;
			defaultConfigurationName = Release;
		};
		ACF27B7A2600B39D003878BD /* Build configuration list for PBXNativeTarget "ddmonitorTests" */ = {
			isa = XCConfigurationList;
			buildConfigurations = (
				ACF27B7B2600B39D003878BD /* Debug */,
				ACF27B7C2600B39D003878BD /* Release */,
			);
			defaultConfigurationIsVisible = 0;
			defaultConfigurationName = Release;
		};
		ACF27B7D2600B39D003878BD /* Build configuration list for PBXNativeTarget "ddmonitorUITests" */ = {
			isa = XCConfigurationList;
			buildConfigurations = (
				ACF27B7E2600B39D003878BD /* Debug */,
				ACF27B7F2600B39D003878BD /* Release */,
			);
			defaultConfigurationIsVisible = 0;
			defaultConfigurationName = Release;
		};
/* End XCConfigurationList section */
	};
	rootObject = ACF27B452600B39A003878BD /* Project object */;
}
